Microsoft Visual Studio Solution File, Format Version 12.00
# Visual Studio Version 17
VisualStudioVersion = 17.13.35931.197
MinimumVisualStudioVersion = 10.0.40219.1
Project("{FAE04EC0-301F-11D3-BF4B-00C04F79EFBC}") = "CarVilla.DAL", "CarVilla.DAL\CarVilla.DAL.csproj", "{ECC60F34-8783-4827-AD73-379D92C47470}"
EndProject
Project("{FAE04EC0-301F-11D3-BF4B-00C04F79EFBC}") = "CarVilla.BL", "CarVilla.BL\CarVilla.BL.csproj", "{BE4D3B18-66A3-46ED-93E7-2606CF5F971F}"
EndProject
Project("{FAE04EC0-301F-11D3-BF4B-00C04F79EFBC}") = "CarVilla.MVC", "CarVilla.MVC\CarVilla.MVC.csproj", "{0F056F6F-7306-48A7-AD27-A4290AA0586F}"
EndProject
Global
	GlobalSection(SolutionConfigurationPlatforms) = preSolution
		Debug|Any CPU = Debug|Any CPU
		Release|Any CPU = Release|Any CPU
	EndGlobalSection
	GlobalSection(ProjectConfigurationPlatforms) = postSolution
		{ECC60F34-8783-4827-AD73-379D92C47470}.Debug|Any CPU.ActiveCfg = Debug|Any CPU
		{ECC60F34-8783-4827-AD73-379D92C47470}.Debug|Any CPU.Build.0 = Debug|Any CPU
		{ECC60F34-8783-4827-AD73-379D92C47470}.Release|Any CPU.ActiveCfg = Release|Any CPU
		{ECC60F34-8783-4827-AD73-379D92C47470}.Release|Any CPU.Build.0 = Release|Any CPU
		{BE4D3B18-66A3-46ED-93E7-2606CF5F971F}.Debug|Any CPU.ActiveCfg = Debug|Any CPU
		{BE4D3B18-66A3-46ED-93E7-2606CF5F971F}.Debug|Any CPU.Build.0 = Debug|Any CPU
		{BE4D3B18-66A3-46ED-93E7-2606CF5F971F}.Release|Any CPU.ActiveCfg = Release|Any CPU
		{BE4D3B18-66A3-46ED-93E7-2606CF5F971F}.Release|Any CPU.Build.0 = Release|Any CPU
		{0F056F6F-7306-48A7-AD27-A4290AA0586F}.Debug|Any CPU.ActiveCfg = Debug|Any CPU
		{0F056F6F-7306-48A7-AD27-A4290AA0586F}.Debug|Any CPU.Build.0 = Debug|Any CPU
		{0F056F6F-7306-48A7-AD27-A4290AA0586F}.Release|Any CPU.ActiveCfg = Release|Any CPU
		{0F056F6F-7306-48A7-AD27-A4290AA0586F}.Release|Any CPU.Build.0 = Release|Any CPU
	EndGlobalSection
	GlobalSection(SolutionProperties) = preSolution
		HideSolutionNode = FALSE
	EndGlobalSection
	GlobalSection(ExtensibilityGlobals) = postSolution
		SolutionGuid = {44229466-095F-429A-BD88-08C0EEBFB285}
	EndGlobalSection
EndGlobal
